{
  "name": "task-flow-engine-example",
  "version": "1.0.0",
  "lockfileVersion": 3,
  "requires": true,
  "packages": {
    "": {
      "name": "task-flow-engine-example",
      "version": "1.0.0",
      "license": "MIT",
      "dependencies": {
        "task-flow-engine": "file:../lib"
      }
    },
    "../lib": {
      "name": "task-flow-engine",
      "version": "1.0.0",
      "license": "MIT"
    },
    "node_modules/task-flow-engine": {
      "resolved": "../lib",
      "link": true
    }
  }
}
